<?xml version="1.0" encoding="utf-8"?>
<Project ToolsVersion="4.0" xmlns="http://schemas.microsoft.com/developer/msbuild/2003">
  <ItemGroup>
    <Filter Include="Source Dateien">
      <UniqueIdentifier>{4FC737F1-C7A5-4376-A066-2A32D752A2FF}</UniqueIdentifier>
      <Extensions>cpp;cxx;c;def</Extensions>
    </Filter>
    <Filter Include="Header Dateien">
      <UniqueIdentifier>{93995380-89BD-4b04-88EB-625FBE52EBFB}</UniqueIdentifier>
      <Extensions>h</Extensions>
    </Filter>
    <Filter Include="Form Dateien">
      <UniqueIdentifier>{99349809-55BA-4b9d-BF79-8FDBB0286EB3}</UniqueIdentifier>
      <Extensions>ui</Extensions>
    </Filter>
    <Filter Include="Resource Dateien">
      <UniqueIdentifier>{D9D6E242-F8AF-46E4-B9FD-80ECBC20BA3E}</UniqueIdentifier>
      <Extensions>qrc;*</Extensions>
      <ParseFiles>false</ParseFiles>
    </Filter>
    <Filter Include="Generierte Dateien">
      <UniqueIdentifier>{71ED8ED8-ACB9-4CE9-BBE1-E00B30144E11}</UniqueIdentifier>
      <Extensions>moc;h;cpp</Extensions>
      <SourceControlFiles>False</SourceControlFiles>
    </Filter>
    <Filter Include="Generierte Dateien\Debug">
      <UniqueIdentifier>{41cde399-690a-4ef5-8bad-d41a100492d0}</UniqueIdentifier>
      <Extensions>cpp;moc</Extensions>
      <SourceControlFiles>False</SourceControlFiles>
    </Filter>
    <Filter Include="Generierte Dateien\Release">
      <UniqueIdentifier>{150fae9c-a312-4dce-a235-0841de27b9d2}</UniqueIdentifier>
      <Extensions>cpp;moc</Extensions>
      <SourceControlFiles>False</SourceControlFiles>
    </Filter>
  </ItemGroup>
  <ItemGroup>
    <ClCompile Include="..\..\src\main.cpp">
      <Filter>Source Dateien</Filter>
    </ClCompile>
    <ClCompile Include="..\..\src\MSIMAboutDialog.cpp">
      <Filter>Source Dateien</Filter>
    </ClCompile>
    <ClCompile Include="GeneratedFiles\Debug\moc_MSIMAboutDialog.cpp">
      <Filter>Generierte Dateien\Debug</Filter>
    </ClCompile>
    <ClCompile Include="GeneratedFiles\Release\moc_MSIMAboutDialog.cpp">
      <Filter>Generierte Dateien\Release</Filter>
    </ClCompile>
    <ClCompile Include="..\..\src\MSIMBrowseFilenameWidget.cpp">
      <Filter>Source Dateien</Filter>
    </ClCompile>
    <ClCompile Include="GeneratedFiles\Debug\moc_MSIMBrowseFilenameWidget.cpp">
      <Filter>Generierte Dateien\Debug</Filter>
    </ClCompile>
    <ClCompile Include="GeneratedFiles\Release\moc_MSIMBrowseFilenameWidget.cpp">
      <Filter>Generierte Dateien\Release</Filter>
    </ClCompile>
    <ClCompile Include="..\..\src\MSIMButtonBar.cpp">
      <Filter>Source Dateien</Filter>
    </ClCompile>
    <ClCompile Include="GeneratedFiles\Debug\moc_MSIMButtonBar.cpp">
      <Filter>Generierte Dateien\Debug</Filter>
    </ClCompile>
    <ClCompile Include="GeneratedFiles\Release\moc_MSIMButtonBar.cpp">
      <Filter>Generierte Dateien\Release</Filter>
    </ClCompile>
    <ClCompile Include="..\..\src\MSIMConnectionItemDelegate.cpp">
      <Filter>Source Dateien</Filter>
    </ClCompile>
    <ClCompile Include="GeneratedFiles\Debug\moc_MSIMConnectionItemDelegate.cpp">
      <Filter>Generierte Dateien\Debug</Filter>
    </ClCompile>
    <ClCompile Include="GeneratedFiles\Release\moc_MSIMConnectionItemDelegate.cpp">
      <Filter>Generierte Dateien\Release</Filter>
    </ClCompile>
    <ClCompile Include="..\..\src\MSIMConversion.cpp">
      <Filter>Source Dateien</Filter>
    </ClCompile>
    <ClCompile Include="..\..\src\MSIMDebugApplication.cpp">
      <Filter>Source Dateien</Filter>
    </ClCompile>
    <ClCompile Include="GeneratedFiles\Debug\moc_MSIMDebugApplication.cpp">
      <Filter>Generierte Dateien\Debug</Filter>
    </ClCompile>
    <ClCompile Include="GeneratedFiles\Release\moc_MSIMDebugApplication.cpp">
      <Filter>Generierte Dateien\Release</Filter>
    </ClCompile>
    <ClCompile Include="..\..\src\MSIMDirectories.cpp">
      <Filter>Source Dateien</Filter>
    </ClCompile>
    <ClCompile Include="..\..\src\MSIMLanguageHandler.cpp">
      <Filter>Source Dateien</Filter>
    </ClCompile>
    <ClCompile Include="..\..\src\MSIMLogWidget.cpp">
      <Filter>Source Dateien</Filter>
    </ClCompile>
    <ClCompile Include="GeneratedFiles\Debug\moc_MSIMLogWidget.cpp">
      <Filter>Generierte Dateien\Debug</Filter>
    </ClCompile>
    <ClCompile Include="GeneratedFiles\Release\moc_MSIMLogWidget.cpp">
      <Filter>Generierte Dateien\Release</Filter>
    </ClCompile>
    <ClCompile Include="..\..\src\MSIMMainWindow.cpp">
      <Filter>Source Dateien</Filter>
    </ClCompile>
    <ClCompile Include="GeneratedFiles\Debug\moc_MSIMMainWindow.cpp">
      <Filter>Generierte Dateien\Debug</Filter>
    </ClCompile>
    <ClCompile Include="GeneratedFiles\Release\moc_MSIMMainWindow.cpp">
      <Filter>Generierte Dateien\Release</Filter>
    </ClCompile>
    <ClCompile Include="..\..\src\MSIMMessageHandler.cpp">
      <Filter>Source Dateien</Filter>
    </ClCompile>
    <ClCompile Include="GeneratedFiles\Debug\moc_MSIMMessageHandler.cpp">
      <Filter>Generierte Dateien\Debug</Filter>
    </ClCompile>
    <ClCompile Include="GeneratedFiles\Release\moc_MSIMMessageHandler.cpp">
      <Filter>Generierte Dateien\Release</Filter>
    </ClCompile>
    <ClCompile Include="..\..\src\MSIMPreferencesDialog.cpp">
      <Filter>Source Dateien</Filter>
    </ClCompile>
    <ClCompile Include="GeneratedFiles\Debug\moc_MSIMPreferencesDialog.cpp">
      <Filter>Generierte Dateien\Debug</Filter>
    </ClCompile>
    <ClCompile Include="GeneratedFiles\Release\moc_MSIMPreferencesDialog.cpp">
      <Filter>Generierte Dateien\Release</Filter>
    </ClCompile>
    <ClCompile Include="..\..\src\MSIMPreferencesPageGeneral.cpp">
      <Filter>Source Dateien</Filter>
    </ClCompile>
    <ClCompile Include="GeneratedFiles\Debug\moc_MSIMPreferencesPageGeneral.cpp">
      <Filter>Generierte Dateien\Debug</Filter>
    </ClCompile>
    <ClCompile Include="GeneratedFiles\Release\moc_MSIMPreferencesPageGeneral.cpp">
      <Filter>Generierte Dateien\Release</Filter>
    </ClCompile>
    <ClCompile Include="..\..\src\MSIMProjectHandler.cpp">
      <Filter>Source Dateien</Filter>
    </ClCompile>
    <ClCompile Include="GeneratedFiles\Debug\moc_MSIMProjectHandler.cpp">
      <Filter>Generierte Dateien\Debug</Filter>
    </ClCompile>
    <ClCompile Include="GeneratedFiles\Release\moc_MSIMProjectHandler.cpp">
      <Filter>Generierte Dateien\Release</Filter>
    </ClCompile>
    <ClCompile Include="..\..\src\MSIMSettings.cpp">
      <Filter>Source Dateien</Filter>
    </ClCompile>
    <ClCompile Include="..\..\src\MSIMSlaveItemDelegate.cpp">
      <Filter>Source Dateien</Filter>
    </ClCompile>
    <ClCompile Include="GeneratedFiles\Debug\moc_MSIMSlaveItemDelegate.cpp">
      <Filter>Generierte Dateien\Debug</Filter>
    </ClCompile>
    <ClCompile Include="GeneratedFiles\Release\moc_MSIMSlaveItemDelegate.cpp">
      <Filter>Generierte Dateien\Release</Filter>
    </ClCompile>
    <ClCompile Include="..\..\src\MSIMUIConstants.cpp">
      <Filter>Source Dateien</Filter>
    </ClCompile>
    <ClCompile Include="..\..\src\MSIMUndoCommandBase.cpp">
      <Filter>Source Dateien</Filter>
    </ClCompile>
    <ClCompile Include="..\..\src\MSIMUndoConnections.cpp">
      <Filter>Source Dateien</Filter>
    </ClCompile>
    <ClCompile Include="..\..\src\MSIMUndoProject.cpp">
      <Filter>Source Dateien</Filter>
    </ClCompile>
    <ClCompile Include="..\..\src\MSIMUndoSimulationSettings.cpp">
      <Filter>Source Dateien</Filter>
    </ClCompile>
    <ClCompile Include="..\..\src\MSIMUndoSlaves.cpp">
      <Filter>Source Dateien</Filter>
    </ClCompile>
    <ClCompile Include="..\..\src\MSIMViewConnections.cpp">
      <Filter>Source Dateien</Filter>
    </ClCompile>
    <ClCompile Include="GeneratedFiles\Debug\moc_MSIMViewConnections.cpp">
      <Filter>Generierte Dateien\Debug</Filter>
    </ClCompile>
    <ClCompile Include="GeneratedFiles\Release\moc_MSIMViewConnections.cpp">
      <Filter>Generierte Dateien\Release</Filter>
    </ClCompile>
    <ClCompile Include="..\..\src\MSIMViewSimulation.cpp">
      <Filter>Source Dateien</Filter>
    </ClCompile>
    <ClCompile Include="GeneratedFiles\Debug\moc_MSIMViewSimulation.cpp">
      <Filter>Generierte Dateien\Debug</Filter>
    </ClCompile>
    <ClCompile Include="GeneratedFiles\Release\moc_MSIMViewSimulation.cpp">
      <Filter>Generierte Dateien\Release</Filter>
    </ClCompile>
    <ClCompile Include="..\..\src\MSIMViewSlaves.cpp">
      <Filter>Source Dateien</Filter>
    </ClCompile>
    <ClCompile Include="GeneratedFiles\Debug\moc_MSIMViewSlaves.cpp">
      <Filter>Generierte Dateien\Debug</Filter>
    </ClCompile>
    <ClCompile Include="GeneratedFiles\Release\moc_MSIMViewSlaves.cpp">
      <Filter>Generierte Dateien\Release</Filter>
    </ClCompile>
    <ClCompile Include="..\..\src\MSIMWelcomeScreen.cpp">
      <Filter>Source Dateien</Filter>
    </ClCompile>
    <ClCompile Include="GeneratedFiles\Debug\moc_MSIMWelcomeScreen.cpp">
      <Filter>Generierte Dateien\Debug</Filter>
    </ClCompile>
    <ClCompile Include="GeneratedFiles\Release\moc_MSIMWelcomeScreen.cpp">
      <Filter>Generierte Dateien\Release</Filter>
    </ClCompile>
    <ClCompile Include="GeneratedFiles\qrc_MasterSimulator.cpp">
      <Filter>Generierte Dateien</Filter>
    </ClCompile>
  </ItemGroup>
  <ItemGroup>
    <CustomBuild Include="..\..\src\MSIMAboutDialog.h">
      <Filter>Header Dateien</Filter>
    </CustomBuild>
    <CustomBuild Include="..\..\src\MSIMAboutDialog.ui">
      <Filter>Form Dateien</Filter>
    </CustomBuild>
    <CustomBuild Include="..\..\src\MSIMBrowseFilenameWidget.h">
      <Filter>Header Dateien</Filter>
    </CustomBuild>
    <CustomBuild Include="..\..\src\MSIMButtonBar.h">
      <Filter>Header Dateien</Filter>
    </CustomBuild>
    <CustomBuild Include="..\..\src\MSIMConnectionItemDelegate.h">
      <Filter>Header Dateien</Filter>
    </CustomBuild>
    <CustomBuild Include="..\..\src\MSIMDebugApplication.h">
      <Filter>Header Dateien</Filter>
    </CustomBuild>
    <CustomBuild Include="..\..\src\MSIMLogWidget.h">
      <Filter>Header Dateien</Filter>
    </CustomBuild>
    <CustomBuild Include="..\..\src\MSIMMainWindow.h">
      <Filter>Header Dateien</Filter>
    </CustomBuild>
    <CustomBuild Include="..\..\src\MSIMMainWindow.ui">
      <Filter>Form Dateien</Filter>
    </CustomBuild>
    <CustomBuild Include="..\..\src\MSIMMessageHandler.h">
      <Filter>Header Dateien</Filter>
    </CustomBuild>
    <CustomBuild Include="..\..\src\MSIMPreferencesDialog.h">
      <Filter>Header Dateien</Filter>
    </CustomBuild>
    <CustomBuild Include="..\..\src\MSIMPreferencesDialog.ui">
      <Filter>Form Dateien</Filter>
    </CustomBuild>
    <CustomBuild Include="..\..\src\MSIMPreferencesPageGeneral.h">
      <Filter>Header Dateien</Filter>
    </CustomBuild>
    <CustomBuild Include="..\..\src\MSIMPreferencesPageGeneral.ui">
      <Filter>Form Dateien</Filter>
    </CustomBuild>
    <CustomBuild Include="..\..\src\MSIMProjectHandler.h">
      <Filter>Header Dateien</Filter>
    </CustomBuild>
    <CustomBuild Include="..\..\src\MSIMSlaveItemDelegate.h">
      <Filter>Header Dateien</Filter>
    </CustomBuild>
    <CustomBuild Include="..\..\src\MSIMViewConnections.h">
      <Filter>Header Dateien</Filter>
    </CustomBuild>
    <CustomBuild Include="..\..\src\MSIMViewConnections.ui">
      <Filter>Form Dateien</Filter>
    </CustomBuild>
    <CustomBuild Include="..\..\src\MSIMViewSimulation.h">
      <Filter>Header Dateien</Filter>
    </CustomBuild>
    <CustomBuild Include="..\..\src\MSIMViewSimulation.ui">
      <Filter>Form Dateien</Filter>
    </CustomBuild>
    <CustomBuild Include="..\..\src\MSIMViewSlaves.h">
      <Filter>Header Dateien</Filter>
    </CustomBuild>
    <CustomBuild Include="..\..\src\MSIMViewSlaves.ui">
      <Filter>Form Dateien</Filter>
    </CustomBuild>
    <CustomBuild Include="..\..\src\MSIMWelcomeScreen.h">
      <Filter>Header Dateien</Filter>
    </CustomBuild>
    <CustomBuild Include="..\..\src\MSIMWelcomeScreen.ui">
      <Filter>Form Dateien</Filter>
    </CustomBuild>
    <CustomBuild Include="..\..\resources\MasterSimulator.qrc">
      <Filter>Resource Dateien</Filter>
    </CustomBuild>
  </ItemGroup>
  <ItemGroup>
    <ClInclude Include="GeneratedFiles\ui_MSIMAboutDialog.h">
      <Filter>Generierte Dateien</Filter>
    </ClInclude>
    <ClInclude Include="..\..\src\MSIMConversion.h">
      <Filter>Header Dateien</Filter>
    </ClInclude>
    <ClInclude Include="..\..\src\MSIMDirectories.h">
      <Filter>Header Dateien</Filter>
    </ClInclude>
    <ClInclude Include="..\..\src\MSIMLanguageHandler.h">
      <Filter>Header Dateien</Filter>
    </ClInclude>
    <ClInclude Include="GeneratedFiles\ui_MSIMMainWindow.h">
      <Filter>Generierte Dateien</Filter>
    </ClInclude>
    <ClInclude Include="GeneratedFiles\ui_MSIMPreferencesDialog.h">
      <Filter>Generierte Dateien</Filter>
    </ClInclude>
    <ClInclude Include="GeneratedFiles\ui_MSIMPreferencesPageGeneral.h">
      <Filter>Generierte Dateien</Filter>
    </ClInclude>
    <ClInclude Include="..\..\src\MSIMSettings.h">
      <Filter>Header Dateien</Filter>
    </ClInclude>
    <ClInclude Include="..\..\src\MSIMUIConstants.h">
      <Filter>Header Dateien</Filter>
    </ClInclude>
    <ClInclude Include="..\..\src\MSIMUndoCommandBase.h">
      <Filter>Header Dateien</Filter>
    </ClInclude>
    <ClInclude Include="..\..\src\MSIMUndoConnections.h">
      <Filter>Header Dateien</Filter>
    </ClInclude>
    <ClInclude Include="..\..\src\MSIMUndoProject.h">
      <Filter>Header Dateien</Filter>
    </ClInclude>
    <ClInclude Include="..\..\src\MSIMUndoSimulationSettings.h">
      <Filter>Header Dateien</Filter>
    </ClInclude>
    <ClInclude Include="..\..\src\MSIMUndoSlaves.h">
      <Filter>Header Dateien</Filter>
    </ClInclude>
    <ClInclude Include="GeneratedFiles\ui_MSIMViewConnections.h">
      <Filter>Generierte Dateien</Filter>
    </ClInclude>
    <ClInclude Include="GeneratedFiles\ui_MSIMViewSimulation.h">
      <Filter>Generierte Dateien</Filter>
    </ClInclude>
    <ClInclude Include="GeneratedFiles\ui_MSIMViewSlaves.h">
      <Filter>Generierte Dateien</Filter>
    </ClInclude>
    <ClInclude Include="GeneratedFiles\ui_MSIMWelcomeScreen.h">
      <Filter>Generierte Dateien</Filter>
    </ClInclude>
  </ItemGroup>
  <ItemGroup>
    <Image Include="..\..\resources\gfx\actions\64x64\new.png">
      <Filter>Resource Dateien</Filter>
    </Image>
    <Image Include="..\..\resources\gfx\actions\64x64\open.png">
      <Filter>Resource Dateien</Filter>
    </Image>
    <Image Include="..\..\resources\gfx\actions\24x24\edit.png">
      <Filter>Resource Dateien</Filter>
    </Image>
    <Image Include="..\..\resources\gfx\actions\24x24\fileopen.png">
      <Filter>Resource Dateien</Filter>
    </Image>
    <Image Include="..\..\resources\gfx\actions\24x24\filesave.png">
      <Filter>Resource Dateien</Filter>
    </Image>
    <Image Include="..\..\resources\gfx\actions\24x24\info.png">
      <Filter>Resource Dateien</Filter>
    </Image>
    <Image Include="..\..\resources\gfx\actions\24x24\minus.png">
      <Filter>Resource Dateien</Filter>
    </Image>
    <Image Include="..\..\resources\gfx\actions\24x24\plus.png">
      <Filter>Resource Dateien</Filter>
    </Image>
    <Image Include="..\..\resources\gfx\actions\24x24\down.png">
      <Filter>Resource Dateien</Filter>
    </Image>
    <Image Include="..\..\resources\gfx\actions\24x24\print.png">
      <Filter>Resource Dateien</Filter>
    </Image>
    <Image Include="..\..\resources\gfx\actions\24x24\up.png">
      <Filter>Resource Dateien</Filter>
    </Image>
    <Image Include="..\..\resources\gfx\actions\24x24\editcopy.png">
      <Filter>Resource Dateien</Filter>
    </Image>
    <Image Include="..\..\resources\gfx\icons\de.png">
      <Filter>Resource Dateien</Filter>
    </Image>
    <Image Include="..\..\resources\gfx\icons\en.png">
      <Filter>Resource Dateien</Filter>
    </Image>
    <Image Include="..\..\resources\gfx\actions\24x24\filenew.png">
      <Filter>Resource Dateien</Filter>
    </Image>
    <Image Include="..\..\resources\gfx\actions\24x24\redo.png">
      <Filter>Resource Dateien</Filter>
    </Image>
    <Image Include="..\..\resources\gfx\actions\24x24\reload.png">
      <Filter>Resource Dateien</Filter>
    </Image>
    <Image Include="..\..\resources\gfx\actions\24x24\undo.png">
      <Filter>Resource Dateien</Filter>
    </Image>
    <Image Include="..\..\resources\gfx\actions\24x24\zoom-in-24.png">
      <Filter>Resource Dateien</Filter>
    </Image>
    <Image Include="..\..\resources\gfx\actions\24x24\zoom-out-24.png">
      <Filter>Resource Dateien</Filter>
    </Image>
    <Image Include="..\..\resources\gfx\actions\64x64\simStart.png">
      <Filter>Resource Dateien</Filter>
    </Image>
    <Image Include="..\..\resources\gfx\logo\icon_64.png">
      <Filter>Resource Dateien</Filter>
    </Image>
    <Image Include="..\..\resources\gfx\actions\32x32\FMI_32x32.png">
      <Filter>Resource Dateien</Filter>
    </Image>
    <Image Include="..\..\resources\gfx\actions\32x32\FMU_32x32.png">
      <Filter>Resource Dateien</Filter>
    </Image>
    <Image Include="..\..\resources\gfx\SplashScreen_MasterSim.png">
      <Filter>Resource Dateien</Filter>
    </Image>
    <Image Include="..\..\resources\gfx\views\32x32\MasterSim_Connections_32x32.png">
      <Filter>Resource Dateien</Filter>
    </Image>
    <Image Include="..\..\resources\gfx\views\32x32\MasterSim_Simulation_Settings_32x32.png">
      <Filter>Resource Dateien</Filter>
    </Image>
    <Image Include="..\..\resources\gfx\views\32x32\MasterSim_Simulators_32x32.png">
      <Filter>Resource Dateien</Filter>
    </Image>
    <Image Include="..\..\resources\gfx\views\32x32\MasterSim_Start_32x32.png">
      <Filter>Resource Dateien</Filter>
    </Image>
    <Image Include="..\..\resources\gfx\views\32x32\filenew_32x32.png">
      <Filter>Resource Dateien</Filter>
    </Image>
    <Image Include="..\..\resources\gfx\views\32x32\fileopen_32x32.png">
      <Filter>Resource Dateien</Filter>
    </Image>
    <Image Include="..\..\resources\gfx\views\32x32\filesave_32x32.png">
      <Filter>Resource Dateien</Filter>
    </Image>
    <Image Include="..\..\resources\gfx\views\32x32\info_32x32.png">
      <Filter>Resource Dateien</Filter>
    </Image>
    <Image Include="..\..\resources\gfx\views\32x32\switch_language_32x32.png">
      <Filter>Resource Dateien</Filter>
    </Image>
    <Image Include="..\..\resources\gfx\views\32x32\exit_32x32.png">
      <Filter>Resource Dateien</Filter>
    </Image>
  </ItemGroup>
  <ItemGroup>
    <ResourceCompile Include="..\..\resources\MasterSimulator.rc" />
  </ItemGroup>
  <ItemGroup>
    <None Include="..\..\..\release\readme.md" />
    <None Include="..\..\..\release\release_notes.md" />
    <None Include="..\..\..\third-party\README.md" />
  </ItemGroup>
</Project>